name: Regen lockfile
on:
  workflow_dispatch: {}

jobs:
  regen:
    runs-on: ubuntu-latest
    steps:
      - uses: actions/checkout@v4
      - uses: actions/setup-node@v4
        with:
          node-version: '20'
          registry-url: 'https://registry.npmjs.org'
      - name: Clean & install to regenerate lock
        run: |
          rm -rf node_modules package-lock.json pnpm-lock.yaml yarn.lock
          npm install --no-audit --no-fund
      - name: Commit lockfile
        run: |
          git config user.name "github-actions[bot]"
          git config user.email "github-actions[bot]@users.noreply.github.com"
          git add package-lock.json
          git commit -m "chore: regenerate package-lock with @types/react in dependencies" || echo "no changes"
          git push
