name: Regen Lockfile
on: { workflow_dispatch: {} }

jobs:
  regen:
    runs-on: ubuntu-latest
    steps:
      - uses: actions/checkout@v4
      - uses: actions/setup-node@v4
        with:
          node-version: 20
          cache: 'npm'
      - name: Clean & install to regenerate lock
        run: |
          rm -rf node_modules package-lock.json
          npm install --no-audit --no-fund
      - name: Commit lockfile as PR
        uses: peter-evans/create-pull-request@v6
        with:
          commit-message: "chore(lock): regenerate package-lock.json incl. TypeScript types"
          title: "chore(lock): regenerate npm lockfile (add @types/*)"
          branch: chore/regen-lock-types
          add-paths: |
            package-lock.json
            package.json
